
Microsoft Visual Studio Solution File, Format Version 12.00
# Visual Studio Version 17
VisualStudioVersion = 17.4.33213.308
MinimumVisualStudioVersion = 10.0.40219.1
Project("{FAE04EC0-301F-11D3-BF4B-00C04F79EFBC}") = "PollutionMap", "PollutionMap\PollutionMap.csproj", "{E23177C2-B5C7-4FA9-8220-82E3E57278BC}"
EndProject
Global
	GlobalSection(SolutionConfigurationPlatforms) = preSolution
		Debug|Any CPU = Debug|Any CPU
		Release|Any CPU = Release|Any CPU
	EndGlobalSection
	GlobalSection(ProjectConfigurationPlatforms) = postSolution
		{E23177C2-B5C7-4FA9-8220-82E3E57278BC}.Debug|Any CPU.ActiveCfg = Debug|Any CPU
		{E23177C2-B5C7-4FA9-8220-82E3E57278BC}.Debug|Any CPU.Build.0 = Debug|Any CPU
		{E23177C2-B5C7-4FA9-8220-82E3E57278BC}.Release|Any CPU.ActiveCfg = Release|Any CPU
		{E23177C2-B5C7-4FA9-8220-82E3E57278BC}.Release|Any CPU.Build.0 = Release|Any CPU
	EndGlobalSection
	GlobalSection(SolutionProperties) = preSolution
		HideSolutionNode = FALSE
	EndGlobalSection
	GlobalSection(ExtensibilityGlobals) = postSolution
		SolutionGuid = {01FCF815-788F-49EF-9CEE-FE2F9356A9AE}
	EndGlobalSection
EndGlobal
